
Microsoft Visual Studio Solution File, Format Version 12.00
# Visual Studio 15
VisualStudioVersion = 15.0.28307.136
MinimumVisualStudioVersion = 10.0.40219.1
Project("{FAE04EC0-301F-11D3-BF4B-00C04F79EFBC}") = "ShoeShopping", "ShoeShopping\ShoeShopping.csproj", "{FFFDE606-5448-40A3-8455-441CB578079A}"
EndProject
Global
	GlobalSection(SolutionConfigurationPlatforms) = preSolution
		Debug|Any CPU = Debug|Any CPU
		Release|Any CPU = Release|Any CPU
	EndGlobalSection
	GlobalSection(ProjectConfigurationPlatforms) = postSolution
		{FFFDE606-5448-40A3-8455-441CB578079A}.Debug|Any CPU.ActiveCfg = Debug|Any CPU
		{FFFDE606-5448-40A3-8455-441CB578079A}.Debug|Any CPU.Build.0 = Debug|Any CPU
		{FFFDE606-5448-40A3-8455-441CB578079A}.Release|Any CPU.ActiveCfg = Release|Any CPU
		{FFFDE606-5448-40A3-8455-441CB578079A}.Release|Any CPU.Build.0 = Release|Any CPU
	EndGlobalSection
	GlobalSection(SolutionProperties) = preSolution
		HideSolutionNode = FALSE
	EndGlobalSection
	GlobalSection(ExtensibilityGlobals) = postSolution
		SolutionGuid = {8012C2E6-AD79-487C-8DEA-C8C6F457FA76}
	EndGlobalSection
EndGlobal
